// !$*UTF8*$!
{
	archiveVersion = 1;
	classes = {
	};
	objectVersion = 46;
	objects = {

/* Begin PBXBuildFile section */
		91031FDB1B448FAC00F2FE36 /* EditSet.storyboard in Resources */ = {isa = PBXBuildFile; fileRef = 91031FDA1B448FAC00F2FE36 /* EditSet.storyboard */; };
		91031FDD1B448FC800F2FE36 /* RunAndWatch.storyboard in Resources */ = {isa = PBXBuildFile; fileRef = 91031FDC1B448FC800F2FE36 /* RunAndWatch.storyboard */; };
		91031FDF1B44925300F2FE36 /* WatchSetViewController.swift in Sources */ = {isa = PBXBuildFile; fileRef = 91031FDE1B44925300F2FE36 /* WatchSetViewController.swift */; };
		915CE5FD1B3B3F6100418517 /* Fabric.framework in Frameworks */ = {isa = PBXBuildFile; fileRef = 915CE5FB1B3B3F6100418517 /* Fabric.framework */; };
		915CE5FE1B3B3F6100418517 /* Crashlytics.framework in Frameworks */ = {isa = PBXBuildFile; fileRef = 915CE5FC1B3B3F6100418517 /* Crashlytics.framework */; };
		91A9F0831B0E508B000770BD /* AppDelegate.swift in Sources */ = {isa = PBXBuildFile; fileRef = 91A9F0821B0E508B000770BD /* AppDelegate.swift */; };
		91A9F0881B0E508B000770BD /* MainMenu.storyboard in Resources */ = {isa = PBXBuildFile; fileRef = 91A9F0861B0E508B000770BD /* MainMenu.storyboard */; };
		91A9F08A1B0E508B000770BD /* Images.xcassets in Resources */ = {isa = PBXBuildFile; fileRef = 91A9F0891B0E508B000770BD /* Images.xcassets */; };
		91A9F08D1B0E508B000770BD /* LaunchScreen.xib in Resources */ = {isa = PBXBuildFile; fileRef = 91A9F08B1B0E508B000770BD /* LaunchScreen.xib */; };
		91A9F0991B0E508B000770BD /* Ai_SingAlongTests.swift in Sources */ = {isa = PBXBuildFile; fileRef = 91A9F0981B0E508B000770BD /* Ai_SingAlongTests.swift */; };
		91A9F0A31B0E5112000770BD /* MainMenuViewController.swift in Sources */ = {isa = PBXBuildFile; fileRef = 91A9F0A21B0E5112000770BD /* MainMenuViewController.swift */; };
		91D1109C1B433B6500F5C51A /* NewEditViewController.swift in Sources */ = {isa = PBXBuildFile; fileRef = 91D1109B1B433B6500F5C51A /* NewEditViewController.swift */; };
		91D1109E1B433D9500F5C51A /* LoadSessionTableViewController.swift in Sources */ = {isa = PBXBuildFile; fileRef = 91D1109D1B433D9500F5C51A /* LoadSessionTableViewController.swift */; };
		91D110A01B433E6600F5C51A /* NewSessionTableViewController.swift in Sources */ = {isa = PBXBuildFile; fileRef = 91D1109F1B433E6600F5C51A /* NewSessionTableViewController.swift */; };
		91D110A21B43407400F5C51A /* NewEditSetTableViewController.swift in Sources */ = {isa = PBXBuildFile; fileRef = 91D110A11B43407400F5C51A /* NewEditSetTableViewController.swift */; };
		91D110A51B43442800F5C51A /* AddSongViewController.swift in Sources */ = {isa = PBXBuildFile; fileRef = 91D110A41B43442800F5C51A /* AddSongViewController.swift */; };
		91D110A71B43445A00F5C51A /* SongDetailViewController.swift in Sources */ = {isa = PBXBuildFile; fileRef = 91D110A61B43445A00F5C51A /* SongDetailViewController.swift */; };
		91D110A91B4344E600F5C51A /* EditBlockViewController.swift in Sources */ = {isa = PBXBuildFile; fileRef = 91D110A81B4344E600F5C51A /* EditBlockViewController.swift */; };
		91D110AB1B43453900F5C51A /* SongSearchViewController.swift in Sources */ = {isa = PBXBuildFile; fileRef = 91D110AA1B43453900F5C51A /* SongSearchViewController.swift */; };
		91D110AD1B434B7900F5C51A /* AlmostDoneViewController.swift in Sources */ = {isa = PBXBuildFile; fileRef = 91D110AC1B434B7900F5C51A /* AlmostDoneViewController.swift */; };
		91D110AF1B434B8800F5C51A /* SaveSetViewController.swift in Sources */ = {isa = PBXBuildFile; fileRef = 91D110AE1B434B8800F5C51A /* SaveSetViewController.swift */; };
		91D110B11B434B9400F5C51A /* WhatNowViewController.swift in Sources */ = {isa = PBXBuildFile; fileRef = 91D110B01B434B9400F5C51A /* WhatNowViewController.swift */; };
		91D110B81B441D4B00F5C51A /* Quicksand_Book_Oblique.otf in Resources */ = {isa = PBXBuildFile; fileRef = 91D110B31B441D4B00F5C51A /* Quicksand_Book_Oblique.otf */; };
		91D110B91B441D4B00F5C51A /* Quicksand_Book.otf in Resources */ = {isa = PBXBuildFile; fileRef = 91D110B41B441D4B00F5C51A /* Quicksand_Book.otf */; };
		91D110BA1B441D4B00F5C51A /* Quicksand_Dash.otf in Resources */ = {isa = PBXBuildFile; fileRef = 91D110B51B441D4B00F5C51A /* Quicksand_Dash.otf */; };
		91D110BB1B441D4B00F5C51A /* Quicksand_Light_Oblique.otf in Resources */ = {isa = PBXBuildFile; fileRef = 91D110B61B441D4B00F5C51A /* Quicksand_Light_Oblique.otf */; };
		91D110BC1B441D4B00F5C51A /* Quicksand_Light.otf in Resources */ = {isa = PBXBuildFile; fileRef = 91D110B71B441D4B00F5C51A /* Quicksand_Light.otf */; };
		91D110BE1B441D5B00F5C51A /* Solitude.ttf in Resources */ = {isa = PBXBuildFile; fileRef = 91D110BD1B441D5B00F5C51A /* Solitude.ttf */; };
		91D110BF1B441D6100F5C51A /* coolvetica rg.ttf in Resources */ = {isa = PBXBuildFile; fileRef = 91A9F0A51B0E526E000770BD /* coolvetica rg.ttf */; };
		91D110C01B441D6600F5C51A /* Rounded Elegance.ttf in Resources */ = {isa = PBXBuildFile; fileRef = 91D110B21B441D2C00F5C51A /* Rounded Elegance.ttf */; };
		91D110C11B441D6A00F5C51A /* Bright and Beautiful.otf in Resources */ = {isa = PBXBuildFile; fileRef = 91A9F0A41B0E51E0000770BD /* Bright and Beautiful.otf */; };
		91D110C31B441FAB00F5C51A /* CustomButtons.swift in Sources */ = {isa = PBXBuildFile; fileRef = 91D110C21B441FAB00F5C51A /* CustomButtons.swift */; };
		91D110F71B442E9D00F5C51A /* GradientView.swift in Sources */ = {isa = PBXBuildFile; fileRef = 91D110F61B442E9D00F5C51A /* GradientView.swift */; };
		91D110FF1B445EDD00F5C51A /* RunSetViewController.swift in Sources */ = {isa = PBXBuildFile; fileRef = 91D110FE1B445EDD00F5C51A /* RunSetViewController.swift */; };
		91D111011B445EF100F5C51A /* LoadSetTableViewController.swift in Sources */ = {isa = PBXBuildFile; fileRef = 91D111001B445EF100F5C51A /* LoadSetTableViewController.swift */; };
/* End PBXBuildFile section */

/* Begin PBXContainerItemProxy section */
		91A9F0931B0E508B000770BD /* PBXContainerItemProxy */ = {
			isa = PBXContainerItemProxy;
			containerPortal = 91A9F0751B0E508B000770BD /* Project object */;
			proxyType = 1;
			remoteGlobalIDString = 91A9F07C1B0E508B000770BD;
			remoteInfo = "Ai!SingAlong";
		};
/* End PBXContainerItemProxy section */

/* Begin PBXFileReference section */
		91031FDA1B448FAC00F2FE36 /* EditSet.storyboard */ = {isa = PBXFileReference; fileEncoding = 4; lastKnownFileType = file.storyboard; path = EditSet.storyboard; sourceTree = "<group>"; };
		91031FDC1B448FC800F2FE36 /* RunAndWatch.storyboard */ = {isa = PBXFileReference; fileEncoding = 4; lastKnownFileType = file.storyboard; path = RunAndWatch.storyboard; sourceTree = "<group>"; };
		91031FDE1B44925300F2FE36 /* WatchSetViewController.swift */ = {isa = PBXFileReference; fileEncoding = 4; lastKnownFileType = sourcecode.swift; path = WatchSetViewController.swift; sourceTree = "<group>"; };
		915CE5FB1B3B3F6100418517 /* Fabric.framework */ = {isa = PBXFileReference; lastKnownFileType = wrapper.framework; path = Fabric.framework; sourceTree = "<group>"; };
		915CE5FC1B3B3F6100418517 /* Crashlytics.framework */ = {isa = PBXFileReference; lastKnownFileType = wrapper.framework; path = Crashlytics.framework; sourceTree = "<group>"; };
		91A9F07D1B0E508B000770BD /* Ai!SingAlong.app */ = {isa = PBXFileReference; explicitFileType = wrapper.application; includeInIndex = 0; path = "Ai!SingAlong.app"; sourceTree = BUILT_PRODUCTS_DIR; };
		91A9F0811B0E508B000770BD /* Info.plist */ = {isa = PBXFileReference; lastKnownFileType = text.plist.xml; path = Info.plist; sourceTree = "<group>"; };
		91A9F0821B0E508B000770BD /* AppDelegate.swift */ = {isa = PBXFileReference; lastKnownFileType = sourcecode.swift; path = AppDelegate.swift; sourceTree = "<group>"; };
		91A9F0871B0E508B000770BD /* Base */ = {isa = PBXFileReference; lastKnownFileType = file.storyboard; name = Base; path = Base.lproj/MainMenu.storyboard; sourceTree = "<group>"; };
		91A9F0891B0E508B000770BD /* Images.xcassets */ = {isa = PBXFileReference; lastKnownFileType = folder.assetcatalog; path = Images.xcassets; sourceTree = "<group>"; };
		91A9F08C1B0E508B000770BD /* Base */ = {isa = PBXFileReference; lastKnownFileType = file.xib; name = Base; path = Base.lproj/LaunchScreen.xib; sourceTree = "<group>"; };
		91A9F0921B0E508B000770BD /* Ai!SingAlongTests.xctest */ = {isa = PBXFileReference; explicitFileType = wrapper.cfbundle; includeInIndex = 0; path = "Ai!SingAlongTests.xctest"; sourceTree = BUILT_PRODUCTS_DIR; };
		91A9F0971B0E508B000770BD /* Info.plist */ = {isa = PBXFileReference; lastKnownFileType = text.plist.xml; path = Info.plist; sourceTree = "<group>"; };
		91A9F0981B0E508B000770BD /* Ai_SingAlongTests.swift */ = {isa = PBXFileReference; lastKnownFileType = sourcecode.swift; path = Ai_SingAlongTests.swift; sourceTree = "<group>"; };
		91A9F0A21B0E5112000770BD /* MainMenuViewController.swift */ = {isa = PBXFileReference; fileEncoding = 4; lastKnownFileType = sourcecode.swift; path = MainMenuViewController.swift; sourceTree = "<group>"; };
		91A9F0A41B0E51E0000770BD /* Bright and Beautiful.otf */ = {isa = PBXFileReference; lastKnownFileType = file; path = "Bright and Beautiful.otf"; sourceTree = "<group>"; };
		91A9F0A51B0E526E000770BD /* coolvetica rg.ttf */ = {isa = PBXFileReference; lastKnownFileType = file; path = "coolvetica rg.ttf"; sourceTree = "<group>"; };
		91D1109B1B433B6500F5C51A /* NewEditViewController.swift */ = {isa = PBXFileReference; fileEncoding = 4; lastKnownFileType = sourcecode.swift; path = NewEditViewController.swift; sourceTree = "<group>"; };
		91D1109D1B433D9500F5C51A /* LoadSessionTableViewController.swift */ = {isa = PBXFileReference; fileEncoding = 4; lastKnownFileType = sourcecode.swift; path = LoadSessionTableViewController.swift; sourceTree = "<group>"; };
		91D1109F1B433E6600F5C51A /* NewSessionTableViewController.swift */ = {isa = PBXFileReference; fileEncoding = 4; lastKnownFileType = sourcecode.swift; path = NewSessionTableViewController.swift; sourceTree = "<group>"; };
		91D110A11B43407400F5C51A /* NewEditSetTableViewController.swift */ = {isa = PBXFileReference; fileEncoding = 4; lastKnownFileType = sourcecode.swift; path = NewEditSetTableViewController.swift; sourceTree = "<group>"; };
		91D110A41B43442800F5C51A /* AddSongViewController.swift */ = {isa = PBXFileReference; fileEncoding = 4; lastKnownFileType = sourcecode.swift; path = AddSongViewController.swift; sourceTree = "<group>"; };
		91D110A61B43445A00F5C51A /* SongDetailViewController.swift */ = {isa = PBXFileReference; fileEncoding = 4; lastKnownFileType = sourcecode.swift; path = SongDetailViewController.swift; sourceTree = "<group>"; };
		91D110A81B4344E600F5C51A /* EditBlockViewController.swift */ = {isa = PBXFileReference; fileEncoding = 4; lastKnownFileType = sourcecode.swift; path = EditBlockViewController.swift; sourceTree = "<group>"; };
		91D110AA1B43453900F5C51A /* SongSearchViewController.swift */ = {isa = PBXFileReference; fileEncoding = 4; lastKnownFileType = sourcecode.swift; path = SongSearchViewController.swift; sourceTree = "<group>"; };
		91D110AC1B434B7900F5C51A /* AlmostDoneViewController.swift */ = {isa = PBXFileReference; fileEncoding = 4; lastKnownFileType = sourcecode.swift; path = AlmostDoneViewController.swift; sourceTree = "<group>"; };
		91D110AE1B434B8800F5C51A /* SaveSetViewController.swift */ = {isa = PBXFileReference; fileEncoding = 4; lastKnownFileType = sourcecode.swift; path = SaveSetViewController.swift; sourceTree = "<group>"; };
		91D110B01B434B9400F5C51A /* WhatNowViewController.swift */ = {isa = PBXFileReference; fileEncoding = 4; lastKnownFileType = sourcecode.swift; path = WhatNowViewController.swift; sourceTree = "<group>"; };
		91D110B21B441D2C00F5C51A /* Rounded Elegance.ttf */ = {isa = PBXFileReference; lastKnownFileType = file; path = "Rounded Elegance.ttf"; sourceTree = "<group>"; };
		91D110B31B441D4B00F5C51A /* Quicksand_Book_Oblique.otf */ = {isa = PBXFileReference; lastKnownFileType = file; path = Quicksand_Book_Oblique.otf; sourceTree = "<group>"; };
		91D110B41B441D4B00F5C51A /* Quicksand_Book.otf */ = {isa = PBXFileReference; lastKnownFileType = file; path = Quicksand_Book.otf; sourceTree = "<group>"; };
		91D110B51B441D4B00F5C51A /* Quicksand_Dash.otf */ = {isa = PBXFileReference; lastKnownFileType = file; path = Quicksand_Dash.otf; sourceTree = "<group>"; };
		91D110B61B441D4B00F5C51A /* Quicksand_Light_Oblique.otf */ = {isa = PBXFileReference; lastKnownFileType = file; path = Quicksand_Light_Oblique.otf; sourceTree = "<group>"; };
		91D110B71B441D4B00F5C51A /* Quicksand_Light.otf */ = {isa = PBXFileReference; lastKnownFileType = file; path = Quicksand_Light.otf; sourceTree = "<group>"; };
		91D110BD1B441D5B00F5C51A /* Solitude.ttf */ = {isa = PBXFileReference; lastKnownFileType = file; path = Solitude.ttf; sourceTree = "<group>"; };
		91D110C21B441FAB00F5C51A /* CustomButtons.swift */ = {isa = PBXFileReference; fileEncoding = 4; lastKnownFileType = sourcecode.swift; path = CustomButtons.swift; sourceTree = "<group>"; };
		91D110F61B442E9D00F5C51A /* GradientView.swift */ = {isa = PBXFileReference; fileEncoding = 4; lastKnownFileType = sourcecode.swift; path = GradientView.swift; sourceTree = "<group>"; };
		91D110FE1B445EDD00F5C51A /* RunSetViewController.swift */ = {isa = PBXFileReference; fileEncoding = 4; lastKnownFileType = sourcecode.swift; path = RunSetViewController.swift; sourceTree = "<group>"; };
		91D111001B445EF100F5C51A /* LoadSetTableViewController.swift */ = {isa = PBXFileReference; fileEncoding = 4; lastKnownFileType = sourcecode.swift; path = LoadSetTableViewController.swift; sourceTree = "<group>"; };
/* End PBXFileReference section */

/* Begin PBXFrameworksBuildPhase section */
		91A9F07A1B0E508B000770BD /* Frameworks */ = {
			isa = PBXFrameworksBuildPhase;
			buildActionMask = 2147483647;
			files = (
				915CE5FE1B3B3F6100418517 /* Crashlytics.framework in Frameworks */,
				915CE5FD1B3B3F6100418517 /* Fabric.framework in Frameworks */,
			);
			runOnlyForDeploymentPostprocessing = 0;
		};
		91A9F08F1B0E508B000770BD /* Frameworks */ = {
			isa = PBXFrameworksBuildPhase;
			buildActionMask = 2147483647;
			files = (
			);
			runOnlyForDeploymentPostprocessing = 0;
		};
/* End PBXFrameworksBuildPhase section */

/* Begin PBXGroup section */
		91A9F0741B0E508B000770BD = {
			isa = PBXGroup;
			children = (
				91A9F07F1B0E508B000770BD /* Ai!SingAlong */,
				91A9F0951B0E508B000770BD /* Ai!SingAlongTests */,
				91A9F07E1B0E508B000770BD /* Products */,
				915CE5FB1B3B3F6100418517 /* Fabric.framework */,
				915CE5FC1B3B3F6100418517 /* Crashlytics.framework */,
			);
			sourceTree = "<group>";
		};
		91A9F07E1B0E508B000770BD /* Products */ = {
			isa = PBXGroup;
			children = (
				91A9F07D1B0E508B000770BD /* Ai!SingAlong.app */,
				91A9F0921B0E508B000770BD /* Ai!SingAlongTests.xctest */,
			);
			name = Products;
			sourceTree = "<group>";
		};
		91A9F07F1B0E508B000770BD /* Ai!SingAlong */ = {
			isa = PBXGroup;
			children = (
				91A9F0861B0E508B000770BD /* MainMenu.storyboard */,
				91031FDA1B448FAC00F2FE36 /* EditSet.storyboard */,
				91031FDC1B448FC800F2FE36 /* RunAndWatch.storyboard */,
				91A9F0A21B0E5112000770BD /* MainMenuViewController.swift */,
				91D1109A1B433A8E00F5C51A /* SessionFlow */,
				91D110A31B4340E300F5C51A /* AddSongFlow */,
				91D110FC1B445EB200F5C51A /* RunWatchFlow */,
				91D110F51B442E8800F5C51A /* CustomElements */,
				91A9F0801B0E508B000770BD /* Supporting Files */,
			);
			path = "Ai!SingAlong";
			sourceTree = "<group>";
		};
		91A9F0801B0E508B000770BD /* Supporting Files */ = {
			isa = PBXGroup;
			children = (
				91A9F0821B0E508B000770BD /* AppDelegate.swift */,
				91A9F0891B0E508B000770BD /* Images.xcassets */,
				91A9F08B1B0E508B000770BD /* LaunchScreen.xib */,
				91A9F0811B0E508B000770BD /* Info.plist */,
				91A9F0A51B0E526E000770BD /* coolvetica rg.ttf */,
				91D110B21B441D2C00F5C51A /* Rounded Elegance.ttf */,
				91A9F0A41B0E51E0000770BD /* Bright and Beautiful.otf */,
				91D110B31B441D4B00F5C51A /* Quicksand_Book_Oblique.otf */,
				91D110B41B441D4B00F5C51A /* Quicksand_Book.otf */,
				91D110B51B441D4B00F5C51A /* Quicksand_Dash.otf */,
				91D110B61B441D4B00F5C51A /* Quicksand_Light_Oblique.otf */,
				91D110B71B441D4B00F5C51A /* Quicksand_Light.otf */,
				91D110BD1B441D5B00F5C51A /* Solitude.ttf */,
			);
			name = "Supporting Files";
			sourceTree = "<group>";
		};
		91A9F0951B0E508B000770BD /* Ai!SingAlongTests */ = {
			isa = PBXGroup;
			children = (
				91A9F0981B0E508B000770BD /* Ai_SingAlongTests.swift */,
				91A9F0961B0E508B000770BD /* Supporting Files */,
			);
			path = "Ai!SingAlongTests";
			sourceTree = "<group>";
		};
		91A9F0961B0E508B000770BD /* Supporting Files */ = {
			isa = PBXGroup;
			children = (
				91A9F0971B0E508B000770BD /* Info.plist */,
			);
			name = "Supporting Files";
			sourceTree = "<group>";
		};
		91D1109A1B433A8E00F5C51A /* SessionFlow */ = {
			isa = PBXGroup;
			children = (
				91D1109B1B433B6500F5C51A /* NewEditViewController.swift */,
				91D1109D1B433D9500F5C51A /* LoadSessionTableViewController.swift */,
				91D1109F1B433E6600F5C51A /* NewSessionTableViewController.swift */,
				91D110A11B43407400F5C51A /* NewEditSetTableViewController.swift */,
			);
			name = SessionFlow;
			sourceTree = "<group>";
		};
		91D110A31B4340E300F5C51A /* AddSongFlow */ = {
			isa = PBXGroup;
			children = (
				91D110A41B43442800F5C51A /* AddSongViewController.swift */,
				91D110A61B43445A00F5C51A /* SongDetailViewController.swift */,
				91D110A81B4344E600F5C51A /* EditBlockViewController.swift */,
				91D110AA1B43453900F5C51A /* SongSearchViewController.swift */,
				91D110AC1B434B7900F5C51A /* AlmostDoneViewController.swift */,
				91D110AE1B434B8800F5C51A /* SaveSetViewController.swift */,
				91D110B01B434B9400F5C51A /* WhatNowViewController.swift */,
			);
			name = AddSongFlow;
			sourceTree = "<group>";
		};
		91D110F51B442E8800F5C51A /* CustomElements */ = {
			isa = PBXGroup;
			children = (
				91D110C21B441FAB00F5C51A /* CustomButtons.swift */,
				91D110F61B442E9D00F5C51A /* GradientView.swift */,
			);
			name = CustomElements;
			sourceTree = "<group>";
		};
		91D110FC1B445EB200F5C51A /* RunWatchFlow */ = {
			isa = PBXGroup;
			children = (
				91D110FE1B445EDD00F5C51A /* RunSetViewController.swift */,
				91D111001B445EF100F5C51A /* LoadSetTableViewController.swift */,
				91031FDE1B44925300F2FE36 /* WatchSetViewController.swift */,
			);
			name = RunWatchFlow;
			sourceTree = "<group>";
		};
/* End PBXGroup section */

/* Begin PBXNativeTarget section */
		91A9F07C1B0E508B000770BD /* Ai!SingAlong */ = {
			isa = PBXNativeTarget;
			buildConfigurationList = 91A9F09C1B0E508B000770BD /* Build configuration list for PBXNativeTarget "Ai!SingAlong" */;
			buildPhases = (
				91A9F0791B0E508B000770BD /* Sources */,
				91A9F07A1B0E508B000770BD /* Frameworks */,
				91A9F07B1B0E508B000770BD /* Resources */,
				91A17F9D1B3B3E790079ABA1 /* ShellScript */,
			);
			buildRules = (
			);
			dependencies = (
			);
			name = "Ai!SingAlong";
			productName = "Ai!SingAlong";
			productReference = 91A9F07D1B0E508B000770BD /* Ai!SingAlong.app */;
			productType = "com.apple.product-type.application";
		};
		91A9F0911B0E508B000770BD /* Ai!SingAlongTests */ = {
			isa = PBXNativeTarget;
			buildConfigurationList = 91A9F09F1B0E508B000770BD /* Build configuration list for PBXNativeTarget "Ai!SingAlongTests" */;
			buildPhases = (
				91A9F08E1B0E508B000770BD /* Sources */,
				91A9F08F1B0E508B000770BD /* Frameworks */,
				91A9F0901B0E508B000770BD /* Resources */,
			);
			buildRules = (
			);
			dependencies = (
				91A9F0941B0E508B000770BD /* PBXTargetDependency */,
			);
			name = "Ai!SingAlongTests";
			productName = "Ai!SingAlongTests";
			productReference = 91A9F0921B0E508B000770BD /* Ai!SingAlongTests.xctest */;
			productType = "com.apple.product-type.bundle.unit-test";
		};
/* End PBXNativeTarget section */

/* Begin PBXProject section */
		91A9F0751B0E508B000770BD /* Project object */ = {
			isa = PBXProject;
			attributes = {
				LastUpgradeCheck = 0630;
				ORGANIZATIONNAME = "Kyle Brooks Robinson";
				TargetAttributes = {
					91A9F07C1B0E508B000770BD = {
						CreatedOnToolsVersion = 6.3.1;
						DevelopmentTeam = ZXS7HWUJP6;
					};
					91A9F0911B0E508B000770BD = {
						CreatedOnToolsVersion = 6.3.1;
						TestTargetID = 91A9F07C1B0E508B000770BD;
					};
				};
			};
			buildConfigurationList = 91A9F0781B0E508B000770BD /* Build configuration list for PBXProject "Ai!SingAlong" */;
			compatibilityVersion = "Xcode 3.2";
			developmentRegion = English;
			hasScannedForEncodings = 0;
			knownRegions = (
				en,
				Base,
			);
			mainGroup = 91A9F0741B0E508B000770BD;
			productRefGroup = 91A9F07E1B0E508B000770BD /* Products */;
			projectDirPath = "";
			projectRoot = "";
			targets = (
				91A9F07C1B0E508B000770BD /* Ai!SingAlong */,
				91A9F0911B0E508B000770BD /* Ai!SingAlongTests */,
			);
		};
/* End PBXProject section */

/* Begin PBXResourcesBuildPhase section */
		91A9F07B1B0E508B000770BD /* Resources */ = {
			isa = PBXResourcesBuildPhase;
			buildActionMask = 2147483647;
			files = (
				91D110BE1B441D5B00F5C51A /* Solitude.ttf in Resources */,
				91D110C01B441D6600F5C51A /* Rounded Elegance.ttf in Resources */,
				91A9F0881B0E508B000770BD /* MainMenu.storyboard in Resources */,
				91D110C11B441D6A00F5C51A /* Bright and Beautiful.otf in Resources */,
				91A9F08D1B0E508B000770BD /* LaunchScreen.xib in Resources */,
				91D110B91B441D4B00F5C51A /* Quicksand_Book.otf in Resources */,
				91D110BA1B441D4B00F5C51A /* Quicksand_Dash.otf in Resources */,
				91D110BC1B441D4B00F5C51A /* Quicksand_Light.otf in Resources */,
				91D110B81B441D4B00F5C51A /* Quicksand_Book_Oblique.otf in Resources */,
				91D110BB1B441D4B00F5C51A /* Quicksand_Light_Oblique.otf in Resources */,
				91A9F08A1B0E508B000770BD /* Images.xcassets in Resources */,
				91D110BF1B441D6100F5C51A /* coolvetica rg.ttf in Resources */,
				91031FDD1B448FC800F2FE36 /* RunAndWatch.storyboard in Resources */,
				91031FDB1B448FAC00F2FE36 /* EditSet.storyboard in Resources */,
			);
			runOnlyForDeploymentPostprocessing = 0;
		};
		91A9F0901B0E508B000770BD /* Resources */ = {
			isa = PBXResourcesBuildPhase;
			buildActionMask = 2147483647;
			files = (
			);
			runOnlyForDeploymentPostprocessing = 0;
		};
/* End PBXResourcesBuildPhase section */

/* Begin PBXShellScriptBuildPhase section */
		91A17F9D1B3B3E790079ABA1 /* ShellScript */ = {
			isa = PBXShellScriptBuildPhase;
			buildActionMask = 2147483647;
			files = (
			);
			inputPaths = (
			);
			outputPaths = (
			);
			runOnlyForDeploymentPostprocessing = 0;
			shellPath = /bin/sh;
			shellScript = "./Fabric.framework/run da87a3a0eabf0596da50912311d2188fcbd64c94 0fad7c93626d7648ab5e93efd004f5d692a8c2ae9a3bb3cbc7bcf78f7a1e741f";
		};
/* End PBXShellScriptBuildPhase section */

/* Begin PBXSourcesBuildPhase section */
		91A9F0791B0E508B000770BD /* Sources */ = {
			isa = PBXSourcesBuildPhase;
			buildActionMask = 2147483647;
			files = (
				91D110A91B4344E600F5C51A /* EditBlockViewController.swift in Sources */,
				91D110A01B433E6600F5C51A /* NewSessionTableViewController.swift in Sources */,
				91D110AF1B434B8800F5C51A /* SaveSetViewController.swift in Sources */,
				91D110AD1B434B7900F5C51A /* AlmostDoneViewController.swift in Sources */,
				91D110C31B441FAB00F5C51A /* CustomButtons.swift in Sources */,
				91D110A51B43442800F5C51A /* AddSongViewController.swift in Sources */,
				91D110F71B442E9D00F5C51A /* GradientView.swift in Sources */,
				91D110AB1B43453900F5C51A /* SongSearchViewController.swift in Sources */,
				91D110A21B43407400F5C51A /* NewEditSetTableViewController.swift in Sources */,
				91D1109E1B433D9500F5C51A /* LoadSessionTableViewController.swift in Sources */,
				91D110B11B434B9400F5C51A /* WhatNowViewController.swift in Sources */,
				91A9F0A31B0E5112000770BD /* MainMenuViewController.swift in Sources */,
				91D110A71B43445A00F5C51A /* SongDetailViewController.swift in Sources */,
				91D110FF1B445EDD00F5C51A /* RunSetViewController.swift in Sources */,
				91A9F0831B0E508B000770BD /* AppDelegate.swift in Sources */,
				91D1109C1B433B6500F5C51A /* NewEditViewController.swift in Sources */,
				91D111011B445EF100F5C51A /* LoadSetTableViewController.swift in Sources */,
				91031FDF1B44925300F2FE36 /* WatchSetViewController.swift in Sources */,
			);
			runOnlyForDeploymentPostprocessing = 0;
		};
		91A9F08E1B0E508B000770BD /* Sources */ = {
			isa = PBXSourcesBuildPhase;
			buildActionMask = 2147483647;
			files = (
				91A9F0991B0E508B000770BD /* Ai_SingAlongTests.swift in Sources */,
			);
			runOnlyForDeploymentPostprocessing = 0;
		};
/* End PBXSourcesBuildPhase section */

/* Begin PBXTargetDependency section */
		91A9F0941B0E508B000770BD /* PBXTargetDependency */ = {
			isa = PBXTargetDependency;
			target = 91A9F07C1B0E508B000770BD /* Ai!SingAlong */;
			targetProxy = 91A9F0931B0E508B000770BD /* PBXContainerItemProxy */;
		};
/* End PBXTargetDependency section */

/* Begin PBXVariantGroup section */
		91A9F0861B0E508B000770BD /* MainMenu.storyboard */ = {
			isa = PBXVariantGroup;
			children = (
				91A9F0871B0E508B000770BD /* Base */,
			);
			name = MainMenu.storyboard;
			sourceTree = "<group>";
		};
		91A9F08B1B0E508B000770BD /* LaunchScreen.xib */ = {
			isa = PBXVariantGroup;
			children = (
				91A9F08C1B0E508B000770BD /* Base */,
			);
			name = LaunchScreen.xib;
			sourceTree = "<group>";
		};
/* End PBXVariantGroup section */

/* Begin XCBuildConfiguration section */
		91A9F09A1B0E508B000770BD /* Debug */ = {
			isa = XCBuildConfiguration;
			buildSettings = {
				ALWAYS_SEARCH_USER_PATHS = NO;
				CLANG_CXX_LANGUAGE_STANDARD = "gnu++0x";
				CLANG_CXX_LIBRARY = "libc++";
				CLANG_ENABLE_MODULES = YES;
				CLANG_ENABLE_OBJC_ARC = YES;
				CLANG_WARN_BOOL_CONVERSION = YES;
				CLANG_WARN_CONSTANT_CONVERSION = YES;
				CLANG_WARN_DIRECT_OBJC_ISA_USAGE = YES_ERROR;
				CLANG_WARN_EMPTY_BODY = YES;
				CLANG_WARN_ENUM_CONVERSION = YES;
				CLANG_WARN_INT_CONVERSION = YES;
				CLANG_WARN_OBJC_ROOT_CLASS = YES_ERROR;
				CLANG_WARN_UNREACHABLE_CODE = YES;
				CLANG_WARN__DUPLICATE_METHOD_MATCH = YES;
				"CODE_SIGN_IDENTITY[sdk=iphoneos*]" = "iPhone Developer";
				COPY_PHASE_STRIP = NO;
				DEBUG_INFORMATION_FORMAT = "dwarf-with-dsym";
				ENABLE_STRICT_OBJC_MSGSEND = YES;
				GCC_C_LANGUAGE_STANDARD = gnu99;
				GCC_DYNAMIC_NO_PIC = NO;
				GCC_NO_COMMON_BLOCKS = YES;
				GCC_OPTIMIZATION_LEVEL = 0;
				GCC_PREPROCESSOR_DEFINITIONS = (
					"DEBUG=1",
					"$(inherited)",
				);
				GCC_SYMBOLS_PRIVATE_EXTERN = NO;
				GCC_WARN_64_TO_32_BIT_CONVERSION = YES;
				GCC_WARN_ABOUT_RETURN_TYPE = YES_ERROR;
				GCC_WARN_UNDECLARED_SELECTOR = YES;
				GCC_WARN_UNINITIALIZED_AUTOS = YES_AGGRESSIVE;
				GCC_WARN_UNUSED_FUNCTION = YES;
				GCC_WARN_UNUSED_VARIABLE = YES;
				IPHONEOS_DEPLOYMENT_TARGET = 8.3;
				MTL_ENABLE_DEBUG_INFO = YES;
				ONLY_ACTIVE_ARCH = YES;
				SDKROOT = iphoneos;
				SWIFT_OPTIMIZATION_LEVEL = "-Onone";
				TARGETED_DEVICE_FAMILY = "1,2";
			};
			name = Debug;
		};
		91A9F09B1B0E508B000770BD /* Release */ = {
			isa = XCBuildConfiguration;
			buildSettings = {
				ALWAYS_SEARCH_USER_PATHS = NO;
				CLANG_CXX_LANGUAGE_STANDARD = "gnu++0x";
				CLANG_CXX_LIBRARY = "libc++";
				CLANG_ENABLE_MODULES = YES;
				CLANG_ENABLE_OBJC_ARC = YES;
				CLANG_WARN_BOOL_CONVERSION = YES;
				CLANG_WARN_CONSTANT_CONVERSION = YES;
				CLANG_WARN_DIRECT_OBJC_ISA_USAGE = YES_ERROR;
				CLANG_WARN_EMPTY_BODY = YES;
				CLANG_WARN_ENUM_CONVERSION = YES;
				CLANG_WARN_INT_CONVERSION = YES;
				CLANG_WARN_OBJC_ROOT_CLASS = YES_ERROR;
				CLANG_WARN_UNREACHABLE_CODE = YES;
				CLANG_WARN__DUPLICATE_METHOD_MATCH = YES;
				"CODE_SIGN_IDENTITY[sdk=iphoneos*]" = "iPhone Developer";
				COPY_PHASE_STRIP = NO;
				DEBUG_INFORMATION_FORMAT = "dwarf-with-dsym";
				ENABLE_NS_ASSERTIONS = NO;
				ENABLE_STRICT_OBJC_MSGSEND = YES;
				GCC_C_LANGUAGE_STANDARD = gnu99;
				GCC_NO_COMMON_BLOCKS = YES;
				GCC_WARN_64_TO_32_BIT_CONVERSION = YES;
				GCC_WARN_ABOUT_RETURN_TYPE = YES_ERROR;
				GCC_WARN_UNDECLARED_SELECTOR = YES;
				GCC_WARN_UNINITIALIZED_AUTOS = YES_AGGRESSIVE;
				GCC_WARN_UNUSED_FUNCTION = YES;
				GCC_WARN_UNUSED_VARIABLE = YES;
				IPHONEOS_DEPLOYMENT_TARGET = 8.3;
				MTL_ENABLE_DEBUG_INFO = NO;
				SDKROOT = iphoneos;
				TARGETED_DEVICE_FAMILY = "1,2";
				VALIDATE_PRODUCT = YES;
			};
			name = Release;
		};
		91A9F09D1B0E508B000770BD /* Debug */ = {
			isa = XCBuildConfiguration;
			buildSettings = {
				ASSETCATALOG_COMPILER_APPICON_NAME = AppIcon;
				CODE_SIGN_IDENTITY = "iPhone Developer";
				FRAMEWORK_SEARCH_PATHS = (
					"$(inherited)",
					"$(PROJECT_DIR)",
				);
				INFOPLIST_FILE = "Ai!SingAlong/Info.plist";
				LD_RUNPATH_SEARCH_PATHS = "$(inherited) @executable_path/Frameworks";
				PRODUCT_NAME = "$(TARGET_NAME)";
			};
			name = Debug;
		};
		91A9F09E1B0E508B000770BD /* Release */ = {
			isa = XCBuildConfiguration;
			buildSettings = {
				ASSETCATALOG_COMPILER_APPICON_NAME = AppIcon;
				CODE_SIGN_IDENTITY = "iPhone Developer";
				FRAMEWORK_SEARCH_PATHS = (
					"$(inherited)",
					"$(PROJECT_DIR)",
				);
				INFOPLIST_FILE = "Ai!SingAlong/Info.plist";
				LD_RUNPATH_SEARCH_PATHS = "$(inherited) @executable_path/Frameworks";
				PRODUCT_NAME = "$(TARGET_NAME)";
			};
			name = Release;
		};
		91A9F0A01B0E508B000770BD /* Debug */ = {
			isa = XCBuildConfiguration;
			buildSettings = {
				BUNDLE_LOADER = "$(TEST_HOST)";
				FRAMEWORK_SEARCH_PATHS = (
					"$(SDKROOT)/Developer/Library/Frameworks",
					"$(inherited)",
				);
				GCC_PREPROCESSOR_DEFINITIONS = (
					"DEBUG=1",
					"$(inherited)",
				);
				INFOPLIST_FILE = "Ai!SingAlongTests/Info.plist";
				LD_RUNPATH_SEARCH_PATHS = "$(inherited) @executable_path/Frameworks @loader_path/Frameworks";
				PRODUCT_NAME = "$(TARGET_NAME)";
				TEST_HOST = "$(BUILT_PRODUCTS_DIR)/Ai!SingAlong.app/Ai!SingAlong";
			};
			name = Debug;
		};
		91A9F0A11B0E508B000770BD /* Release */ = {
			isa = XCBuildConfiguration;
			buildSettings = {
				BUNDLE_LOADER = "$(TEST_HOST)";
				FRAMEWORK_SEARCH_PATHS = (
					"$(SDKROOT)/Developer/Library/Frameworks",
					"$(inherited)",
				);
				INFOPLIST_FILE = "Ai!SingAlongTests/Info.plist";
				LD_RUNPATH_SEARCH_PATHS = "$(inherited) @executable_path/Frameworks @loader_path/Frameworks";
				PRODUCT_NAME = "$(TARGET_NAME)";
				TEST_HOST = "$(BUILT_PRODUCTS_DIR)/Ai!SingAlong.app/Ai!SingAlong";
			};
			name = Release;
		};
/* End XCBuildConfiguration section */

/* Begin XCConfigurationList section */
		91A9F0781B0E508B000770BD /* Build configuration list for PBXProject "Ai!SingAlong" */ = {
			isa = XCConfigurationList;
			buildConfigurations = (
				91A9F09A1B0E508B000770BD /* Debug */,
				91A9F09B1B0E508B000770BD /* Release */,
			);
			defaultConfigurationIsVisible = 0;
			defaultConfigurationName = Release;
		};
		91A9F09C1B0E508B000770BD /* Build configuration list for PBXNativeTarget "Ai!SingAlong" */ = {
			isa = XCConfigurationList;
			buildConfigurations = (
				91A9F09D1B0E508B000770BD /* Debug */,
				91A9F09E1B0E508B000770BD /* Release */,
			);
			defaultConfigurationIsVisible = 0;
			defaultConfigurationName = Release;
		};
		91A9F09F1B0E508B000770BD /* Build configuration list for PBXNativeTarget "Ai!SingAlongTests" */ = {
			isa = XCConfigurationList;
			buildConfigurations = (
				91A9F0A01B0E508B000770BD /* Debug */,
				91A9F0A11B0E508B000770BD /* Release */,
			);
			defaultConfigurationIsVisible = 0;
			defaultConfigurationName = Release;
		};
/* End XCConfigurationList section */
	};
	rootObject = 91A9F0751B0E508B000770BD /* Project object */;
}
