// !$*UTF8*$!
{
	archiveVersion = 1;
	classes = {
	};
	objectVersion = 46;
	objects = {

/* Begin PBXBuildFile section */
		91031FDB1B448FAC00F2FE36 /* AddSong.storyboard in Resources */ = {isa = PBXBuildFile; fileRef = 91031FDA1B448FAC00F2FE36 /* AddSong.storyboard */; };
		91031FDF1B44925300F2FE36 /* WatchSetViewController.swift in Sources */ = {isa = PBXBuildFile; fileRef = 91031FDE1B44925300F2FE36 /* WatchSetViewController.swift */; };
		91082E171B9F393100C06D66 /* SetMenuTableViewController.swift in Sources */ = {isa = PBXBuildFile; fileRef = 91082E161B9F393100C06D66 /* SetMenuTableViewController.swift */; };
		91082E191B9F3A4D00C06D66 /* NewSetViewController.swift in Sources */ = {isa = PBXBuildFile; fileRef = 91082E181B9F3A4D00C06D66 /* NewSetViewController.swift */; };
		91082E1B1B9F57B500C06D66 /* SetlistMenuViewController.swift in Sources */ = {isa = PBXBuildFile; fileRef = 91082E1A1B9F57B500C06D66 /* SetlistMenuViewController.swift */; };
		91082E1D1B9F59C200C06D66 /* SetCell.swift in Sources */ = {isa = PBXBuildFile; fileRef = 91082E1C1B9F59C200C06D66 /* SetCell.swift */; };
		91082E1F1B9F5A9300C06D66 /* SetOptionViewController.swift in Sources */ = {isa = PBXBuildFile; fileRef = 91082E1E1B9F5A9300C06D66 /* SetOptionViewController.swift */; };
		91082E211B9F5ED900C06D66 /* SetlistMenuCell.swift in Sources */ = {isa = PBXBuildFile; fileRef = 91082E201B9F5ED900C06D66 /* SetlistMenuCell.swift */; };
		9127AF751B7A366F005FB1CF /* Bolts.framework in Frameworks */ = {isa = PBXBuildFile; fileRef = 9127AF731B7A366F005FB1CF /* Bolts.framework */; };
		9127AF761B7A366F005FB1CF /* Parse.framework in Frameworks */ = {isa = PBXBuildFile; fileRef = 9127AF741B7A366F005FB1CF /* Parse.framework */; };
		9127AF811B7A36B8005FB1CF /* AudioToolbox.framework in Frameworks */ = {isa = PBXBuildFile; fileRef = 9127AF771B7A36B8005FB1CF /* AudioToolbox.framework */; };
		9127AF821B7A36B8005FB1CF /* CFNetwork.framework in Frameworks */ = {isa = PBXBuildFile; fileRef = 9127AF781B7A36B8005FB1CF /* CFNetwork.framework */; };
		9127AF831B7A36B8005FB1CF /* CoreGraphics.framework in Frameworks */ = {isa = PBXBuildFile; fileRef = 9127AF791B7A36B8005FB1CF /* CoreGraphics.framework */; };
		9127AF841B7A36B8005FB1CF /* CoreLocation.framework in Frameworks */ = {isa = PBXBuildFile; fileRef = 9127AF7A1B7A36B8005FB1CF /* CoreLocation.framework */; };
		9127AF851B7A36B8005FB1CF /* libsqlite3.dylib in Frameworks */ = {isa = PBXBuildFile; fileRef = 9127AF7B1B7A36B8005FB1CF /* libsqlite3.dylib */; };
		9127AF861B7A36B8005FB1CF /* libz.dylib in Frameworks */ = {isa = PBXBuildFile; fileRef = 9127AF7C1B7A36B8005FB1CF /* libz.dylib */; };
		9127AF871B7A36B8005FB1CF /* QuartzCore.framework in Frameworks */ = {isa = PBXBuildFile; fileRef = 9127AF7D1B7A36B8005FB1CF /* QuartzCore.framework */; };
		9127AF881B7A36B8005FB1CF /* Security.framework in Frameworks */ = {isa = PBXBuildFile; fileRef = 9127AF7E1B7A36B8005FB1CF /* Security.framework */; };
		9127AF891B7A36B8005FB1CF /* StoreKit.framework in Frameworks */ = {isa = PBXBuildFile; fileRef = 9127AF7F1B7A36B8005FB1CF /* StoreKit.framework */; };
		9127AF8A1B7A36B8005FB1CF /* SystemConfiguration.framework in Frameworks */ = {isa = PBXBuildFile; fileRef = 9127AF801B7A36B8005FB1CF /* SystemConfiguration.framework */; };
		91520A041BA0827100F2CDAC /* StartViewController.swift in Sources */ = {isa = PBXBuildFile; fileRef = 91520A031BA0827100F2CDAC /* StartViewController.swift */; };
		91520A361BA1E65200F2CDAC /* SongInfoViewController.swift in Sources */ = {isa = PBXBuildFile; fileRef = 91520A351BA1E65200F2CDAC /* SongInfoViewController.swift */; };
		91520A381BA204C700F2CDAC /* BlockViewController.swift in Sources */ = {isa = PBXBuildFile; fileRef = 91520A371BA204C700F2CDAC /* BlockViewController.swift */; };
		915CE5FD1B3B3F6100418517 /* Fabric.framework in Frameworks */ = {isa = PBXBuildFile; fileRef = 915CE5FB1B3B3F6100418517 /* Fabric.framework */; };
		915CE5FE1B3B3F6100418517 /* Crashlytics.framework in Frameworks */ = {isa = PBXBuildFile; fileRef = 915CE5FC1B3B3F6100418517 /* Crashlytics.framework */; };
		91A9F0831B0E508B000770BD /* AppDelegate.swift in Sources */ = {isa = PBXBuildFile; fileRef = 91A9F0821B0E508B000770BD /* AppDelegate.swift */; };
		91A9F0881B0E508B000770BD /* Main.storyboard in Resources */ = {isa = PBXBuildFile; fileRef = 91A9F0861B0E508B000770BD /* Main.storyboard */; };
		91A9F08A1B0E508B000770BD /* Images.xcassets in Resources */ = {isa = PBXBuildFile; fileRef = 91A9F0891B0E508B000770BD /* Images.xcassets */; };
		91A9F08D1B0E508B000770BD /* LaunchScreen.xib in Resources */ = {isa = PBXBuildFile; fileRef = 91A9F08B1B0E508B000770BD /* LaunchScreen.xib */; };
		91A9F0991B0E508B000770BD /* Ai_SingAlongTests.swift in Sources */ = {isa = PBXBuildFile; fileRef = 91A9F0981B0E508B000770BD /* Ai_SingAlongTests.swift */; };
		91D110A51B43442800F5C51A /* AddSongViewController.swift in Sources */ = {isa = PBXBuildFile; fileRef = 91D110A41B43442800F5C51A /* AddSongViewController.swift */; };
		91D110A71B43445A00F5C51A /* SongDetailViewController.swift in Sources */ = {isa = PBXBuildFile; fileRef = 91D110A61B43445A00F5C51A /* SongDetailViewController.swift */; };
		91D110A91B4344E600F5C51A /* EditBlockViewController.swift in Sources */ = {isa = PBXBuildFile; fileRef = 91D110A81B4344E600F5C51A /* EditBlockViewController.swift */; };
		91D110AB1B43453900F5C51A /* SongSearchViewController.swift in Sources */ = {isa = PBXBuildFile; fileRef = 91D110AA1B43453900F5C51A /* SongSearchViewController.swift */; };
		91D110AD1B434B7900F5C51A /* AlmostDoneViewController.swift in Sources */ = {isa = PBXBuildFile; fileRef = 91D110AC1B434B7900F5C51A /* AlmostDoneViewController.swift */; };
		91D110AF1B434B8800F5C51A /* SaveSetViewController.swift in Sources */ = {isa = PBXBuildFile; fileRef = 91D110AE1B434B8800F5C51A /* SaveSetViewController.swift */; };
		91D110B11B434B9400F5C51A /* WhatNowViewController.swift in Sources */ = {isa = PBXBuildFile; fileRef = 91D110B01B434B9400F5C51A /* WhatNowViewController.swift */; };
		91D110B81B441D4B00F5C51A /* Quicksand_Book_Oblique.otf in Resources */ = {isa = PBXBuildFile; fileRef = 91D110B31B441D4B00F5C51A /* Quicksand_Book_Oblique.otf */; };
		91D110B91B441D4B00F5C51A /* Quicksand_Book.otf in Resources */ = {isa = PBXBuildFile; fileRef = 91D110B41B441D4B00F5C51A /* Quicksand_Book.otf */; };
		91D110BA1B441D4B00F5C51A /* Quicksand_Dash.otf in Resources */ = {isa = PBXBuildFile; fileRef = 91D110B51B441D4B00F5C51A /* Quicksand_Dash.otf */; };
		91D110BB1B441D4B00F5C51A /* Quicksand_Light_Oblique.otf in Resources */ = {isa = PBXBuildFile; fileRef = 91D110B61B441D4B00F5C51A /* Quicksand_Light_Oblique.otf */; };
		91D110BC1B441D4B00F5C51A /* Quicksand_Light.otf in Resources */ = {isa = PBXBuildFile; fileRef = 91D110B71B441D4B00F5C51A /* Quicksand_Light.otf */; };
		91D110BE1B441D5B00F5C51A /* Solitude.ttf in Resources */ = {isa = PBXBuildFile; fileRef = 91D110BD1B441D5B00F5C51A /* Solitude.ttf */; };
		91D110BF1B441D6100F5C51A /* coolvetica rg.ttf in Resources */ = {isa = PBXBuildFile; fileRef = 91A9F0A51B0E526E000770BD /* coolvetica rg.ttf */; };
		91D110C01B441D6600F5C51A /* Rounded Elegance.ttf in Resources */ = {isa = PBXBuildFile; fileRef = 91D110B21B441D2C00F5C51A /* Rounded Elegance.ttf */; };
		91D110C11B441D6A00F5C51A /* Bright and Beautiful.otf in Resources */ = {isa = PBXBuildFile; fileRef = 91A9F0A41B0E51E0000770BD /* Bright and Beautiful.otf */; };
		91D110C31B441FAB00F5C51A /* CustomButtons.swift in Sources */ = {isa = PBXBuildFile; fileRef = 91D110C21B441FAB00F5C51A /* CustomButtons.swift */; };
		91D110F71B442E9D00F5C51A /* GradientView.swift in Sources */ = {isa = PBXBuildFile; fileRef = 91D110F61B442E9D00F5C51A /* GradientView.swift */; };
		91D110FF1B445EDD00F5C51A /* RunSetViewController.swift in Sources */ = {isa = PBXBuildFile; fileRef = 91D110FE1B445EDD00F5C51A /* RunSetViewController.swift */; };
		91EFB6891B8B788700AA1983 /* NewEditSet.storyboard in Resources */ = {isa = PBXBuildFile; fileRef = 91EFB6881B8B788700AA1983 /* NewEditSet.storyboard */; };
/* End PBXBuildFile section */

/* Begin PBXContainerItemProxy section */
		91A9F0931B0E508B000770BD /* PBXContainerItemProxy */ = {
			isa = PBXContainerItemProxy;
			containerPortal = 91A9F0751B0E508B000770BD /* Project object */;
			proxyType = 1;
			remoteGlobalIDString = 91A9F07C1B0E508B000770BD;
			remoteInfo = "Ai!SingAlong";
		};
/* End PBXContainerItemProxy section */

/* Begin PBXFileReference section */
		91031FDA1B448FAC00F2FE36 /* AddSong.storyboard */ = {isa = PBXFileReference; fileEncoding = 4; lastKnownFileType = file.storyboard; path = AddSong.storyboard; sourceTree = "<group>"; };
		91031FDE1B44925300F2FE36 /* WatchSetViewController.swift */ = {isa = PBXFileReference; fileEncoding = 4; lastKnownFileType = sourcecode.swift; path = WatchSetViewController.swift; sourceTree = "<group>"; };
		91082E161B9F393100C06D66 /* SetMenuTableViewController.swift */ = {isa = PBXFileReference; fileEncoding = 4; lastKnownFileType = sourcecode.swift; path = SetMenuTableViewController.swift; sourceTree = "<group>"; };
		91082E181B9F3A4D00C06D66 /* NewSetViewController.swift */ = {isa = PBXFileReference; fileEncoding = 4; lastKnownFileType = sourcecode.swift; path = NewSetViewController.swift; sourceTree = "<group>"; };
		91082E1A1B9F57B500C06D66 /* SetlistMenuViewController.swift */ = {isa = PBXFileReference; fileEncoding = 4; lastKnownFileType = sourcecode.swift; path = SetlistMenuViewController.swift; sourceTree = "<group>"; };
		91082E1C1B9F59C200C06D66 /* SetCell.swift */ = {isa = PBXFileReference; fileEncoding = 4; lastKnownFileType = sourcecode.swift; path = SetCell.swift; sourceTree = "<group>"; };
		91082E1E1B9F5A9300C06D66 /* SetOptionViewController.swift */ = {isa = PBXFileReference; fileEncoding = 4; lastKnownFileType = sourcecode.swift; path = SetOptionViewController.swift; sourceTree = "<group>"; };
		91082E201B9F5ED900C06D66 /* SetlistMenuCell.swift */ = {isa = PBXFileReference; fileEncoding = 4; lastKnownFileType = sourcecode.swift; path = SetlistMenuCell.swift; sourceTree = "<group>"; };
		9127AF661B790200005FB1CF /* Ai!SingAlong-Bridging-Header.h */ = {isa = PBXFileReference; lastKnownFileType = sourcecode.c.h; path = "Ai!SingAlong-Bridging-Header.h"; sourceTree = "<group>"; };
		9127AF731B7A366F005FB1CF /* Bolts.framework */ = {isa = PBXFileReference; lastKnownFileType = wrapper.framework; path = Bolts.framework; sourceTree = "<group>"; };
		9127AF741B7A366F005FB1CF /* Parse.framework */ = {isa = PBXFileReference; lastKnownFileType = wrapper.framework; path = Parse.framework; sourceTree = "<group>"; };
		9127AF771B7A36B8005FB1CF /* AudioToolbox.framework */ = {isa = PBXFileReference; lastKnownFileType = wrapper.framework; name = AudioToolbox.framework; path = System/Library/Frameworks/AudioToolbox.framework; sourceTree = SDKROOT; };
		9127AF781B7A36B8005FB1CF /* CFNetwork.framework */ = {isa = PBXFileReference; lastKnownFileType = wrapper.framework; name = CFNetwork.framework; path = System/Library/Frameworks/CFNetwork.framework; sourceTree = SDKROOT; };
		9127AF791B7A36B8005FB1CF /* CoreGraphics.framework */ = {isa = PBXFileReference; lastKnownFileType = wrapper.framework; name = CoreGraphics.framework; path = System/Library/Frameworks/CoreGraphics.framework; sourceTree = SDKROOT; };
		9127AF7A1B7A36B8005FB1CF /* CoreLocation.framework */ = {isa = PBXFileReference; lastKnownFileType = wrapper.framework; name = CoreLocation.framework; path = System/Library/Frameworks/CoreLocation.framework; sourceTree = SDKROOT; };
		9127AF7B1B7A36B8005FB1CF /* libsqlite3.dylib */ = {isa = PBXFileReference; lastKnownFileType = "compiled.mach-o.dylib"; name = libsqlite3.dylib; path = usr/lib/libsqlite3.dylib; sourceTree = SDKROOT; };
		9127AF7C1B7A36B8005FB1CF /* libz.dylib */ = {isa = PBXFileReference; lastKnownFileType = "compiled.mach-o.dylib"; name = libz.dylib; path = usr/lib/libz.dylib; sourceTree = SDKROOT; };
		9127AF7D1B7A36B8005FB1CF /* QuartzCore.framework */ = {isa = PBXFileReference; lastKnownFileType = wrapper.framework; name = QuartzCore.framework; path = System/Library/Frameworks/QuartzCore.framework; sourceTree = SDKROOT; };
		9127AF7E1B7A36B8005FB1CF /* Security.framework */ = {isa = PBXFileReference; lastKnownFileType = wrapper.framework; name = Security.framework; path = System/Library/Frameworks/Security.framework; sourceTree = SDKROOT; };
		9127AF7F1B7A36B8005FB1CF /* StoreKit.framework */ = {isa = PBXFileReference; lastKnownFileType = wrapper.framework; name = StoreKit.framework; path = System/Library/Frameworks/StoreKit.framework; sourceTree = SDKROOT; };
		9127AF801B7A36B8005FB1CF /* SystemConfiguration.framework */ = {isa = PBXFileReference; lastKnownFileType = wrapper.framework; name = SystemConfiguration.framework; path = System/Library/Frameworks/SystemConfiguration.framework; sourceTree = SDKROOT; };
		91520A031BA0827100F2CDAC /* StartViewController.swift */ = {isa = PBXFileReference; fileEncoding = 4; lastKnownFileType = sourcecode.swift; path = StartViewController.swift; sourceTree = "<group>"; };
		91520A351BA1E65200F2CDAC /* SongInfoViewController.swift */ = {isa = PBXFileReference; fileEncoding = 4; lastKnownFileType = sourcecode.swift; path = SongInfoViewController.swift; sourceTree = "<group>"; };
		91520A371BA204C700F2CDAC /* BlockViewController.swift */ = {isa = PBXFileReference; fileEncoding = 4; lastKnownFileType = sourcecode.swift; path = BlockViewController.swift; sourceTree = "<group>"; };
		915CE5FB1B3B3F6100418517 /* Fabric.framework */ = {isa = PBXFileReference; lastKnownFileType = wrapper.framework; path = Fabric.framework; sourceTree = "<group>"; };
		915CE5FC1B3B3F6100418517 /* Crashlytics.framework */ = {isa = PBXFileReference; lastKnownFileType = wrapper.framework; path = Crashlytics.framework; sourceTree = "<group>"; };
		91A9F07D1B0E508B000770BD /* Ai!SingAlong.app */ = {isa = PBXFileReference; explicitFileType = wrapper.application; includeInIndex = 0; path = "Ai!SingAlong.app"; sourceTree = BUILT_PRODUCTS_DIR; };
		91A9F0811B0E508B000770BD /* Info.plist */ = {isa = PBXFileReference; lastKnownFileType = text.plist.xml; path = Info.plist; sourceTree = "<group>"; };
		91A9F0821B0E508B000770BD /* AppDelegate.swift */ = {isa = PBXFileReference; lastKnownFileType = sourcecode.swift; path = AppDelegate.swift; sourceTree = "<group>"; };
		91A9F0871B0E508B000770BD /* Base */ = {isa = PBXFileReference; lastKnownFileType = file.storyboard; name = Base; path = Base.lproj/Main.storyboard; sourceTree = "<group>"; };
		91A9F0891B0E508B000770BD /* Images.xcassets */ = {isa = PBXFileReference; lastKnownFileType = folder.assetcatalog; path = Images.xcassets; sourceTree = "<group>"; };
		91A9F08C1B0E508B000770BD /* Base */ = {isa = PBXFileReference; lastKnownFileType = file.xib; name = Base; path = Base.lproj/LaunchScreen.xib; sourceTree = "<group>"; };
		91A9F0921B0E508B000770BD /* Ai!SingAlongTests.xctest */ = {isa = PBXFileReference; explicitFileType = wrapper.cfbundle; includeInIndex = 0; path = "Ai!SingAlongTests.xctest"; sourceTree = BUILT_PRODUCTS_DIR; };
		91A9F0971B0E508B000770BD /* Info.plist */ = {isa = PBXFileReference; lastKnownFileType = text.plist.xml; path = Info.plist; sourceTree = "<group>"; };
		91A9F0981B0E508B000770BD /* Ai_SingAlongTests.swift */ = {isa = PBXFileReference; lastKnownFileType = sourcecode.swift; path = Ai_SingAlongTests.swift; sourceTree = "<group>"; };
		91A9F0A41B0E51E0000770BD /* Bright and Beautiful.otf */ = {isa = PBXFileReference; lastKnownFileType = file; path = "Bright and Beautiful.otf"; sourceTree = "<group>"; };
		91A9F0A51B0E526E000770BD /* coolvetica rg.ttf */ = {isa = PBXFileReference; lastKnownFileType = file; path = "coolvetica rg.ttf"; sourceTree = "<group>"; };
		91D110A41B43442800F5C51A /* AddSongViewController.swift */ = {isa = PBXFileReference; fileEncoding = 4; lastKnownFileType = sourcecode.swift; path = AddSongViewController.swift; sourceTree = "<group>"; };
		91D110A61B43445A00F5C51A /* SongDetailViewController.swift */ = {isa = PBXFileReference; fileEncoding = 4; lastKnownFileType = sourcecode.swift; path = SongDetailViewController.swift; sourceTree = "<group>"; };
		91D110A81B4344E600F5C51A /* EditBlockViewController.swift */ = {isa = PBXFileReference; fileEncoding = 4; lastKnownFileType = sourcecode.swift; path = EditBlockViewController.swift; sourceTree = "<group>"; };
		91D110AA1B43453900F5C51A /* SongSearchViewController.swift */ = {isa = PBXFileReference; fileEncoding = 4; lastKnownFileType = sourcecode.swift; path = SongSearchViewController.swift; sourceTree = "<group>"; };
		91D110AC1B434B7900F5C51A /* AlmostDoneViewController.swift */ = {isa = PBXFileReference; fileEncoding = 4; lastKnownFileType = sourcecode.swift; path = AlmostDoneViewController.swift; sourceTree = "<group>"; };
		91D110AE1B434B8800F5C51A /* SaveSetViewController.swift */ = {isa = PBXFileReference; fileEncoding = 4; lastKnownFileType = sourcecode.swift; path = SaveSetViewController.swift; sourceTree = "<group>"; };
		91D110B01B434B9400F5C51A /* WhatNowViewController.swift */ = {isa = PBXFileReference; fileEncoding = 4; lastKnownFileType = sourcecode.swift; path = WhatNowViewController.swift; sourceTree = "<group>"; };
		91D110B21B441D2C00F5C51A /* Rounded Elegance.ttf */ = {isa = PBXFileReference; lastKnownFileType = file; path = "Rounded Elegance.ttf"; sourceTree = "<group>"; };
		91D110B31B441D4B00F5C51A /* Quicksand_Book_Oblique.otf */ = {isa = PBXFileReference; lastKnownFileType = file; path = Quicksand_Book_Oblique.otf; sourceTree = "<group>"; };
		91D110B41B441D4B00F5C51A /* Quicksand_Book.otf */ = {isa = PBXFileReference; lastKnownFileType = file; path = Quicksand_Book.otf; sourceTree = "<group>"; };
		91D110B51B441D4B00F5C51A /* Quicksand_Dash.otf */ = {isa = PBXFileReference; lastKnownFileType = file; path = Quicksand_Dash.otf; sourceTree = "<group>"; };
		91D110B61B441D4B00F5C51A /* Quicksand_Light_Oblique.otf */ = {isa = PBXFileReference; lastKnownFileType = file; path = Quicksand_Light_Oblique.otf; sourceTree = "<group>"; };
		91D110B71B441D4B00F5C51A /* Quicksand_Light.otf */ = {isa = PBXFileReference; lastKnownFileType = file; path = Quicksand_Light.otf; sourceTree = "<group>"; };
		91D110BD1B441D5B00F5C51A /* Solitude.ttf */ = {isa = PBXFileReference; lastKnownFileType = file; path = Solitude.ttf; sourceTree = "<group>"; };
		91D110C21B441FAB00F5C51A /* CustomButtons.swift */ = {isa = PBXFileReference; fileEncoding = 4; lastKnownFileType = sourcecode.swift; path = CustomButtons.swift; sourceTree = "<group>"; };
		91D110F61B442E9D00F5C51A /* GradientView.swift */ = {isa = PBXFileReference; fileEncoding = 4; lastKnownFileType = sourcecode.swift; path = GradientView.swift; sourceTree = "<group>"; };
		91D110FE1B445EDD00F5C51A /* RunSetViewController.swift */ = {isa = PBXFileReference; fileEncoding = 4; lastKnownFileType = sourcecode.swift; path = RunSetViewController.swift; sourceTree = "<group>"; };
		91EFB6881B8B788700AA1983 /* NewEditSet.storyboard */ = {isa = PBXFileReference; fileEncoding = 4; lastKnownFileType = file.storyboard; path = NewEditSet.storyboard; sourceTree = "<group>"; };
		91EFB6931B8F546200AA1983 /* Notes.playground */ = {isa = PBXFileReference; lastKnownFileType = file.playground; path = Notes.playground; sourceTree = "<group>"; };
/* End PBXFileReference section */

/* Begin PBXFrameworksBuildPhase section */
		91A9F07A1B0E508B000770BD /* Frameworks */ = {
			isa = PBXFrameworksBuildPhase;
			buildActionMask = 2147483647;
			files = (
				9127AF811B7A36B8005FB1CF /* AudioToolbox.framework in Frameworks */,
				9127AF821B7A36B8005FB1CF /* CFNetwork.framework in Frameworks */,
				9127AF831B7A36B8005FB1CF /* CoreGraphics.framework in Frameworks */,
				9127AF841B7A36B8005FB1CF /* CoreLocation.framework in Frameworks */,
				9127AF851B7A36B8005FB1CF /* libsqlite3.dylib in Frameworks */,
				9127AF861B7A36B8005FB1CF /* libz.dylib in Frameworks */,
				9127AF871B7A36B8005FB1CF /* QuartzCore.framework in Frameworks */,
				9127AF881B7A36B8005FB1CF /* Security.framework in Frameworks */,
				9127AF891B7A36B8005FB1CF /* StoreKit.framework in Frameworks */,
				9127AF8A1B7A36B8005FB1CF /* SystemConfiguration.framework in Frameworks */,
				9127AF751B7A366F005FB1CF /* Bolts.framework in Frameworks */,
				915CE5FE1B3B3F6100418517 /* Crashlytics.framework in Frameworks */,
				9127AF761B7A366F005FB1CF /* Parse.framework in Frameworks */,
				915CE5FD1B3B3F6100418517 /* Fabric.framework in Frameworks */,
			);
			runOnlyForDeploymentPostprocessing = 0;
		};
		91A9F08F1B0E508B000770BD /* Frameworks */ = {
			isa = PBXFrameworksBuildPhase;
			buildActionMask = 2147483647;
			files = (
			);
			runOnlyForDeploymentPostprocessing = 0;
		};
/* End PBXFrameworksBuildPhase section */

/* Begin PBXGroup section */
		9127AF8B1B7A38BE005FB1CF /* Frameworks */ = {
			isa = PBXGroup;
			children = (
				9127AF771B7A36B8005FB1CF /* AudioToolbox.framework */,
				9127AF781B7A36B8005FB1CF /* CFNetwork.framework */,
				9127AF791B7A36B8005FB1CF /* CoreGraphics.framework */,
				9127AF7A1B7A36B8005FB1CF /* CoreLocation.framework */,
				9127AF7B1B7A36B8005FB1CF /* libsqlite3.dylib */,
				9127AF7C1B7A36B8005FB1CF /* libz.dylib */,
				9127AF7D1B7A36B8005FB1CF /* QuartzCore.framework */,
				9127AF7E1B7A36B8005FB1CF /* Security.framework */,
				9127AF7F1B7A36B8005FB1CF /* StoreKit.framework */,
				9127AF801B7A36B8005FB1CF /* SystemConfiguration.framework */,
				9127AF731B7A366F005FB1CF /* Bolts.framework */,
				9127AF741B7A366F005FB1CF /* Parse.framework */,
				915CE5FB1B3B3F6100418517 /* Fabric.framework */,
				915CE5FC1B3B3F6100418517 /* Crashlytics.framework */,
			);
			name = Frameworks;
			sourceTree = "<group>";
		};
		91A9F0741B0E508B000770BD = {
			isa = PBXGroup;
			children = (
				91EFB6931B8F546200AA1983 /* Notes.playground */,
				91A9F07F1B0E508B000770BD /* Ai!SingAlong */,
				91A9F0951B0E508B000770BD /* Ai!SingAlongTests */,
				91A9F07E1B0E508B000770BD /* Products */,
				9127AF8B1B7A38BE005FB1CF /* Frameworks */,
			);
			sourceTree = "<group>";
		};
		91A9F07E1B0E508B000770BD /* Products */ = {
			isa = PBXGroup;
			children = (
				91A9F07D1B0E508B000770BD /* Ai!SingAlong.app */,
				91A9F0921B0E508B000770BD /* Ai!SingAlongTests.xctest */,
			);
			name = Products;
			sourceTree = "<group>";
		};
		91A9F07F1B0E508B000770BD /* Ai!SingAlong */ = {
			isa = PBXGroup;
			children = (
				91D1109A1B433A8E00F5C51A /* MainMenuFlow */,
				91EFB6871B8B766600AA1983 /* NewEditSet */,
				91D110A31B4340E300F5C51A /* AddSongFlow */,
				91D110FC1B445EB200F5C51A /* RunWatchFlow */,
				91D110F51B442E8800F5C51A /* CustomElements */,
				91A9F0801B0E508B000770BD /* Supporting Files */,
			);
			path = "Ai!SingAlong";
			sourceTree = "<group>";
		};
		91A9F0801B0E508B000770BD /* Supporting Files */ = {
			isa = PBXGroup;
			children = (
				9127AF661B790200005FB1CF /* Ai!SingAlong-Bridging-Header.h */,
				91A9F0821B0E508B000770BD /* AppDelegate.swift */,
				91A9F0891B0E508B000770BD /* Images.xcassets */,
				91A9F08B1B0E508B000770BD /* LaunchScreen.xib */,
				91A9F0811B0E508B000770BD /* Info.plist */,
				91A9F0A51B0E526E000770BD /* coolvetica rg.ttf */,
				91D110B21B441D2C00F5C51A /* Rounded Elegance.ttf */,
				91A9F0A41B0E51E0000770BD /* Bright and Beautiful.otf */,
				91D110B31B441D4B00F5C51A /* Quicksand_Book_Oblique.otf */,
				91D110B41B441D4B00F5C51A /* Quicksand_Book.otf */,
				91D110B51B441D4B00F5C51A /* Quicksand_Dash.otf */,
				91D110B61B441D4B00F5C51A /* Quicksand_Light_Oblique.otf */,
				91D110B71B441D4B00F5C51A /* Quicksand_Light.otf */,
				91D110BD1B441D5B00F5C51A /* Solitude.ttf */,
			);
			name = "Supporting Files";
			sourceTree = "<group>";
		};
		91A9F0951B0E508B000770BD /* Ai!SingAlongTests */ = {
			isa = PBXGroup;
			children = (
				91A9F0981B0E508B000770BD /* Ai_SingAlongTests.swift */,
				91A9F0961B0E508B000770BD /* Supporting Files */,
			);
			path = "Ai!SingAlongTests";
			sourceTree = "<group>";
		};
		91A9F0961B0E508B000770BD /* Supporting Files */ = {
			isa = PBXGroup;
			children = (
				91A9F0971B0E508B000770BD /* Info.plist */,
			);
			name = "Supporting Files";
			sourceTree = "<group>";
		};
		91D1109A1B433A8E00F5C51A /* MainMenuFlow */ = {
			isa = PBXGroup;
			children = (
				91A9F0861B0E508B000770BD /* Main.storyboard */,
				91520A031BA0827100F2CDAC /* StartViewController.swift */,
				91082E161B9F393100C06D66 /* SetMenuTableViewController.swift */,
				91082E181B9F3A4D00C06D66 /* NewSetViewController.swift */,
				91082E1C1B9F59C200C06D66 /* SetCell.swift */,
				91082E1E1B9F5A9300C06D66 /* SetOptionViewController.swift */,
			);
			name = MainMenuFlow;
			sourceTree = "<group>";
		};
		91D110A31B4340E300F5C51A /* AddSongFlow */ = {
			isa = PBXGroup;
			children = (
				91031FDA1B448FAC00F2FE36 /* AddSong.storyboard */,
				91D110A41B43442800F5C51A /* AddSongViewController.swift */,
				91D110A61B43445A00F5C51A /* SongDetailViewController.swift */,
				91D110AA1B43453900F5C51A /* SongSearchViewController.swift */,
				91D110AC1B434B7900F5C51A /* AlmostDoneViewController.swift */,
				91D110AE1B434B8800F5C51A /* SaveSetViewController.swift */,
				91D110B01B434B9400F5C51A /* WhatNowViewController.swift */,
			);
			name = AddSongFlow;
			sourceTree = "<group>";
		};
		91D110F51B442E8800F5C51A /* CustomElements */ = {
			isa = PBXGroup;
			children = (
				91D110C21B441FAB00F5C51A /* CustomButtons.swift */,
				91D110F61B442E9D00F5C51A /* GradientView.swift */,
			);
			name = CustomElements;
			sourceTree = "<group>";
		};
		91D110FC1B445EB200F5C51A /* RunWatchFlow */ = {
			isa = PBXGroup;
			children = (
				91D110FE1B445EDD00F5C51A /* RunSetViewController.swift */,
				91031FDE1B44925300F2FE36 /* WatchSetViewController.swift */,
			);
			name = RunWatchFlow;
			sourceTree = "<group>";
		};
		91EFB6871B8B766600AA1983 /* NewEditSet */ = {
			isa = PBXGroup;
			children = (
				91EFB6881B8B788700AA1983 /* NewEditSet.storyboard */,
				91082E1A1B9F57B500C06D66 /* SetlistMenuViewController.swift */,
				91082E201B9F5ED900C06D66 /* SetlistMenuCell.swift */,
				91520A351BA1E65200F2CDAC /* SongInfoViewController.swift */,
				91520A371BA204C700F2CDAC /* BlockViewController.swift */,
				91D110A81B4344E600F5C51A /* EditBlockViewController.swift */,
			);
			name = NewEditSet;
			sourceTree = "<group>";
		};
/* End PBXGroup section */

/* Begin PBXNativeTarget section */
		91A9F07C1B0E508B000770BD /* Ai!SingAlong */ = {
			isa = PBXNativeTarget;
			buildConfigurationList = 91A9F09C1B0E508B000770BD /* Build configuration list for PBXNativeTarget "Ai!SingAlong" */;
			buildPhases = (
				91A9F0791B0E508B000770BD /* Sources */,
				91A9F07A1B0E508B000770BD /* Frameworks */,
				91A9F07B1B0E508B000770BD /* Resources */,
				91A17F9D1B3B3E790079ABA1 /* ShellScript */,
			);
			buildRules = (
			);
			dependencies = (
			);
			name = "Ai!SingAlong";
			productName = "Ai!SingAlong";
			productReference = 91A9F07D1B0E508B000770BD /* Ai!SingAlong.app */;
			productType = "com.apple.product-type.application";
		};
		91A9F0911B0E508B000770BD /* Ai!SingAlongTests */ = {
			isa = PBXNativeTarget;
			buildConfigurationList = 91A9F09F1B0E508B000770BD /* Build configuration list for PBXNativeTarget "Ai!SingAlongTests" */;
			buildPhases = (
				91A9F08E1B0E508B000770BD /* Sources */,
				91A9F08F1B0E508B000770BD /* Frameworks */,
				91A9F0901B0E508B000770BD /* Resources */,
			);
			buildRules = (
			);
			dependencies = (
				91A9F0941B0E508B000770BD /* PBXTargetDependency */,
			);
			name = "Ai!SingAlongTests";
			productName = "Ai!SingAlongTests";
			productReference = 91A9F0921B0E508B000770BD /* Ai!SingAlongTests.xctest */;
			productType = "com.apple.product-type.bundle.unit-test";
		};
/* End PBXNativeTarget section */

/* Begin PBXProject section */
		91A9F0751B0E508B000770BD /* Project object */ = {
			isa = PBXProject;
			attributes = {
				LastUpgradeCheck = 0630;
				ORGANIZATIONNAME = "Kyle Brooks Robinson";
				TargetAttributes = {
					91A9F07C1B0E508B000770BD = {
						CreatedOnToolsVersion = 6.3.1;
						DevelopmentTeam = ZXS7HWUJP6;
					};
					91A9F0911B0E508B000770BD = {
						CreatedOnToolsVersion = 6.3.1;
						TestTargetID = 91A9F07C1B0E508B000770BD;
					};
				};
			};
			buildConfigurationList = 91A9F0781B0E508B000770BD /* Build configuration list for PBXProject "Ai!SingAlong" */;
			compatibilityVersion = "Xcode 3.2";
			developmentRegion = English;
			hasScannedForEncodings = 0;
			knownRegions = (
				en,
				Base,
			);
			mainGroup = 91A9F0741B0E508B000770BD;
			productRefGroup = 91A9F07E1B0E508B000770BD /* Products */;
			projectDirPath = "";
			projectRoot = "";
			targets = (
				91A9F07C1B0E508B000770BD /* Ai!SingAlong */,
				91A9F0911B0E508B000770BD /* Ai!SingAlongTests */,
			);
		};
/* End PBXProject section */

/* Begin PBXResourcesBuildPhase section */
		91A9F07B1B0E508B000770BD /* Resources */ = {
			isa = PBXResourcesBuildPhase;
			buildActionMask = 2147483647;
			files = (
				91D110BE1B441D5B00F5C51A /* Solitude.ttf in Resources */,
				91D110C01B441D6600F5C51A /* Rounded Elegance.ttf in Resources */,
				91A9F0881B0E508B000770BD /* Main.storyboard in Resources */,
				91D110C11B441D6A00F5C51A /* Bright and Beautiful.otf in Resources */,
				91A9F08D1B0E508B000770BD /* LaunchScreen.xib in Resources */,
				91EFB6891B8B788700AA1983 /* NewEditSet.storyboard in Resources */,
				91D110B91B441D4B00F5C51A /* Quicksand_Book.otf in Resources */,
				91D110BA1B441D4B00F5C51A /* Quicksand_Dash.otf in Resources */,
				91D110BC1B441D4B00F5C51A /* Quicksand_Light.otf in Resources */,
				91D110B81B441D4B00F5C51A /* Quicksand_Book_Oblique.otf in Resources */,
				91D110BB1B441D4B00F5C51A /* Quicksand_Light_Oblique.otf in Resources */,
				91A9F08A1B0E508B000770BD /* Images.xcassets in Resources */,
				91D110BF1B441D6100F5C51A /* coolvetica rg.ttf in Resources */,
				91031FDB1B448FAC00F2FE36 /* AddSong.storyboard in Resources */,
			);
			runOnlyForDeploymentPostprocessing = 0;
		};
		91A9F0901B0E508B000770BD /* Resources */ = {
			isa = PBXResourcesBuildPhase;
			buildActionMask = 2147483647;
			files = (
			);
			runOnlyForDeploymentPostprocessing = 0;
		};
/* End PBXResourcesBuildPhase section */

/* Begin PBXShellScriptBuildPhase section */
		91A17F9D1B3B3E790079ABA1 /* ShellScript */ = {
			isa = PBXShellScriptBuildPhase;
			buildActionMask = 2147483647;
			files = (
			);
			inputPaths = (
			);
			outputPaths = (
			);
			runOnlyForDeploymentPostprocessing = 0;
			shellPath = /bin/sh;
			shellScript = "./Fabric.framework/run da87a3a0eabf0596da50912311d2188fcbd64c94 0fad7c93626d7648ab5e93efd004f5d692a8c2ae9a3bb3cbc7bcf78f7a1e741f";
		};
/* End PBXShellScriptBuildPhase section */

/* Begin PBXSourcesBuildPhase section */
		91A9F0791B0E508B000770BD /* Sources */ = {
			isa = PBXSourcesBuildPhase;
			buildActionMask = 2147483647;
			files = (
				91082E1D1B9F59C200C06D66 /* SetCell.swift in Sources */,
				91520A361BA1E65200F2CDAC /* SongInfoViewController.swift in Sources */,
				91082E211B9F5ED900C06D66 /* SetlistMenuCell.swift in Sources */,
				91D110A91B4344E600F5C51A /* EditBlockViewController.swift in Sources */,
				91D110AF1B434B8800F5C51A /* SaveSetViewController.swift in Sources */,
				91D110AD1B434B7900F5C51A /* AlmostDoneViewController.swift in Sources */,
				91D110C31B441FAB00F5C51A /* CustomButtons.swift in Sources */,
				91D110A51B43442800F5C51A /* AddSongViewController.swift in Sources */,
				91082E191B9F3A4D00C06D66 /* NewSetViewController.swift in Sources */,
				91082E1F1B9F5A9300C06D66 /* SetOptionViewController.swift in Sources */,
				91520A381BA204C700F2CDAC /* BlockViewController.swift in Sources */,
				91D110F71B442E9D00F5C51A /* GradientView.swift in Sources */,
				91D110AB1B43453900F5C51A /* SongSearchViewController.swift in Sources */,
				91082E171B9F393100C06D66 /* SetMenuTableViewController.swift in Sources */,
				91D110B11B434B9400F5C51A /* WhatNowViewController.swift in Sources */,
				91D110A71B43445A00F5C51A /* SongDetailViewController.swift in Sources */,
				91520A041BA0827100F2CDAC /* StartViewController.swift in Sources */,
				91D110FF1B445EDD00F5C51A /* RunSetViewController.swift in Sources */,
				91A9F0831B0E508B000770BD /* AppDelegate.swift in Sources */,
				91031FDF1B44925300F2FE36 /* WatchSetViewController.swift in Sources */,
				91082E1B1B9F57B500C06D66 /* SetlistMenuViewController.swift in Sources */,
			);
			runOnlyForDeploymentPostprocessing = 0;
		};
		91A9F08E1B0E508B000770BD /* Sources */ = {
			isa = PBXSourcesBuildPhase;
			buildActionMask = 2147483647;
			files = (
				91A9F0991B0E508B000770BD /* Ai_SingAlongTests.swift in Sources */,
			);
			runOnlyForDeploymentPostprocessing = 0;
		};
/* End PBXSourcesBuildPhase section */

/* Begin PBXTargetDependency section */
		91A9F0941B0E508B000770BD /* PBXTargetDependency */ = {
			isa = PBXTargetDependency;
			target = 91A9F07C1B0E508B000770BD /* Ai!SingAlong */;
			targetProxy = 91A9F0931B0E508B000770BD /* PBXContainerItemProxy */;
		};
/* End PBXTargetDependency section */

/* Begin PBXVariantGroup section */
		91A9F0861B0E508B000770BD /* Main.storyboard */ = {
			isa = PBXVariantGroup;
			children = (
				91A9F0871B0E508B000770BD /* Base */,
			);
			name = Main.storyboard;
			sourceTree = "<group>";
		};
		91A9F08B1B0E508B000770BD /* LaunchScreen.xib */ = {
			isa = PBXVariantGroup;
			children = (
				91A9F08C1B0E508B000770BD /* Base */,
			);
			name = LaunchScreen.xib;
			sourceTree = "<group>";
		};
/* End PBXVariantGroup section */

/* Begin XCBuildConfiguration section */
		91A9F09A1B0E508B000770BD /* Debug */ = {
			isa = XCBuildConfiguration;
			buildSettings = {
				ALWAYS_SEARCH_USER_PATHS = NO;
				CLANG_CXX_LANGUAGE_STANDARD = "gnu++0x";
				CLANG_CXX_LIBRARY = "libc++";
				CLANG_ENABLE_MODULES = YES;
				CLANG_ENABLE_OBJC_ARC = YES;
				CLANG_WARN_BOOL_CONVERSION = YES;
				CLANG_WARN_CONSTANT_CONVERSION = YES;
				CLANG_WARN_DIRECT_OBJC_ISA_USAGE = YES_ERROR;
				CLANG_WARN_EMPTY_BODY = YES;
				CLANG_WARN_ENUM_CONVERSION = YES;
				CLANG_WARN_INT_CONVERSION = YES;
				CLANG_WARN_OBJC_ROOT_CLASS = YES_ERROR;
				CLANG_WARN_UNREACHABLE_CODE = YES;
				CLANG_WARN__DUPLICATE_METHOD_MATCH = YES;
				"CODE_SIGN_IDENTITY[sdk=iphoneos*]" = "iPhone Developer";
				COPY_PHASE_STRIP = NO;
				DEBUG_INFORMATION_FORMAT = "dwarf-with-dsym";
				ENABLE_STRICT_OBJC_MSGSEND = YES;
				GCC_C_LANGUAGE_STANDARD = gnu99;
				GCC_DYNAMIC_NO_PIC = NO;
				GCC_NO_COMMON_BLOCKS = YES;
				GCC_OPTIMIZATION_LEVEL = 0;
				GCC_PREPROCESSOR_DEFINITIONS = (
					"DEBUG=1",
					"$(inherited)",
				);
				GCC_SYMBOLS_PRIVATE_EXTERN = NO;
				GCC_WARN_64_TO_32_BIT_CONVERSION = YES;
				GCC_WARN_ABOUT_RETURN_TYPE = YES_ERROR;
				GCC_WARN_UNDECLARED_SELECTOR = YES;
				GCC_WARN_UNINITIALIZED_AUTOS = YES_AGGRESSIVE;
				GCC_WARN_UNUSED_FUNCTION = YES;
				GCC_WARN_UNUSED_VARIABLE = YES;
				IPHONEOS_DEPLOYMENT_TARGET = 8.3;
				MTL_ENABLE_DEBUG_INFO = YES;
				ONLY_ACTIVE_ARCH = YES;
				SDKROOT = iphoneos;
				SWIFT_OPTIMIZATION_LEVEL = "-Onone";
				TARGETED_DEVICE_FAMILY = "1,2";
			};
			name = Debug;
		};
		91A9F09B1B0E508B000770BD /* Release */ = {
			isa = XCBuildConfiguration;
			buildSettings = {
				ALWAYS_SEARCH_USER_PATHS = NO;
				CLANG_CXX_LANGUAGE_STANDARD = "gnu++0x";
				CLANG_CXX_LIBRARY = "libc++";
				CLANG_ENABLE_MODULES = YES;
				CLANG_ENABLE_OBJC_ARC = YES;
				CLANG_WARN_BOOL_CONVERSION = YES;
				CLANG_WARN_CONSTANT_CONVERSION = YES;
				CLANG_WARN_DIRECT_OBJC_ISA_USAGE = YES_ERROR;
				CLANG_WARN_EMPTY_BODY = YES;
				CLANG_WARN_ENUM_CONVERSION = YES;
				CLANG_WARN_INT_CONVERSION = YES;
				CLANG_WARN_OBJC_ROOT_CLASS = YES_ERROR;
				CLANG_WARN_UNREACHABLE_CODE = YES;
				CLANG_WARN__DUPLICATE_METHOD_MATCH = YES;
				"CODE_SIGN_IDENTITY[sdk=iphoneos*]" = "iPhone Developer";
				COPY_PHASE_STRIP = NO;
				DEBUG_INFORMATION_FORMAT = "dwarf-with-dsym";
				ENABLE_NS_ASSERTIONS = NO;
				ENABLE_STRICT_OBJC_MSGSEND = YES;
				GCC_C_LANGUAGE_STANDARD = gnu99;
				GCC_NO_COMMON_BLOCKS = YES;
				GCC_WARN_64_TO_32_BIT_CONVERSION = YES;
				GCC_WARN_ABOUT_RETURN_TYPE = YES_ERROR;
				GCC_WARN_UNDECLARED_SELECTOR = YES;
				GCC_WARN_UNINITIALIZED_AUTOS = YES_AGGRESSIVE;
				GCC_WARN_UNUSED_FUNCTION = YES;
				GCC_WARN_UNUSED_VARIABLE = YES;
				IPHONEOS_DEPLOYMENT_TARGET = 8.3;
				MTL_ENABLE_DEBUG_INFO = NO;
				SDKROOT = iphoneos;
				TARGETED_DEVICE_FAMILY = "1,2";
				VALIDATE_PRODUCT = YES;
			};
			name = Release;
		};
		91A9F09D1B0E508B000770BD /* Debug */ = {
			isa = XCBuildConfiguration;
			buildSettings = {
				ASSETCATALOG_COMPILER_APPICON_NAME = AppIcon;
				CLANG_ENABLE_MODULES = YES;
				CODE_SIGN_IDENTITY = "iPhone Developer";
				FRAMEWORK_SEARCH_PATHS = (
					"$(inherited)",
					"$(PROJECT_DIR)",
				);
				INFOPLIST_FILE = "Ai!SingAlong/Info.plist";
				LD_RUNPATH_SEARCH_PATHS = "$(inherited) @executable_path/Frameworks";
				PRODUCT_NAME = "$(TARGET_NAME)";
				SWIFT_OBJC_BRIDGING_HEADER = "Ai!SingAlong/Ai!SingAlong-Bridging-Header.h";
				SWIFT_OPTIMIZATION_LEVEL = "-Onone";
			};
			name = Debug;
		};
		91A9F09E1B0E508B000770BD /* Release */ = {
			isa = XCBuildConfiguration;
			buildSettings = {
				ASSETCATALOG_COMPILER_APPICON_NAME = AppIcon;
				CLANG_ENABLE_MODULES = YES;
				CODE_SIGN_IDENTITY = "iPhone Developer";
				FRAMEWORK_SEARCH_PATHS = (
					"$(inherited)",
					"$(PROJECT_DIR)",
				);
				INFOPLIST_FILE = "Ai!SingAlong/Info.plist";
				LD_RUNPATH_SEARCH_PATHS = "$(inherited) @executable_path/Frameworks";
				PRODUCT_NAME = "$(TARGET_NAME)";
				SWIFT_OBJC_BRIDGING_HEADER = "Ai!SingAlong/Ai!SingAlong-Bridging-Header.h";
			};
			name = Release;
		};
		91A9F0A01B0E508B000770BD /* Debug */ = {
			isa = XCBuildConfiguration;
			buildSettings = {
				BUNDLE_LOADER = "$(TEST_HOST)";
				FRAMEWORK_SEARCH_PATHS = (
					"$(SDKROOT)/Developer/Library/Frameworks",
					"$(inherited)",
				);
				GCC_PREPROCESSOR_DEFINITIONS = (
					"DEBUG=1",
					"$(inherited)",
				);
				INFOPLIST_FILE = "Ai!SingAlongTests/Info.plist";
				LD_RUNPATH_SEARCH_PATHS = "$(inherited) @executable_path/Frameworks @loader_path/Frameworks";
				PRODUCT_NAME = "$(TARGET_NAME)";
				TEST_HOST = "$(BUILT_PRODUCTS_DIR)/Ai!SingAlong.app/Ai!SingAlong";
			};
			name = Debug;
		};
		91A9F0A11B0E508B000770BD /* Release */ = {
			isa = XCBuildConfiguration;
			buildSettings = {
				BUNDLE_LOADER = "$(TEST_HOST)";
				FRAMEWORK_SEARCH_PATHS = (
					"$(SDKROOT)/Developer/Library/Frameworks",
					"$(inherited)",
				);
				INFOPLIST_FILE = "Ai!SingAlongTests/Info.plist";
				LD_RUNPATH_SEARCH_PATHS = "$(inherited) @executable_path/Frameworks @loader_path/Frameworks";
				PRODUCT_NAME = "$(TARGET_NAME)";
				TEST_HOST = "$(BUILT_PRODUCTS_DIR)/Ai!SingAlong.app/Ai!SingAlong";
			};
			name = Release;
		};
/* End XCBuildConfiguration section */

/* Begin XCConfigurationList section */
		91A9F0781B0E508B000770BD /* Build configuration list for PBXProject "Ai!SingAlong" */ = {
			isa = XCConfigurationList;
			buildConfigurations = (
				91A9F09A1B0E508B000770BD /* Debug */,
				91A9F09B1B0E508B000770BD /* Release */,
			);
			defaultConfigurationIsVisible = 0;
			defaultConfigurationName = Release;
		};
		91A9F09C1B0E508B000770BD /* Build configuration list for PBXNativeTarget "Ai!SingAlong" */ = {
			isa = XCConfigurationList;
			buildConfigurations = (
				91A9F09D1B0E508B000770BD /* Debug */,
				91A9F09E1B0E508B000770BD /* Release */,
			);
			defaultConfigurationIsVisible = 0;
			defaultConfigurationName = Release;
		};
		91A9F09F1B0E508B000770BD /* Build configuration list for PBXNativeTarget "Ai!SingAlongTests" */ = {
			isa = XCConfigurationList;
			buildConfigurations = (
				91A9F0A01B0E508B000770BD /* Debug */,
				91A9F0A11B0E508B000770BD /* Release */,
			);
			defaultConfigurationIsVisible = 0;
			defaultConfigurationName = Release;
		};
/* End XCConfigurationList section */
	};
	rootObject = 91A9F0751B0E508B000770BD /* Project object */;
}
